// !$*UTF8*$!
{
	archiveVersion = 1;
	classes = {
	};
	objectVersion = 46;
	objects = {

/* Begin PBXBuildFile section */
		1B1688E01A7BAFF800CB7477 /* AppDelegate.swift in Sources */ = {isa = PBXBuildFile; fileRef = 1B1688DF1A7BAFF800CB7477 /* AppDelegate.swift */; };
		1B1688E21A7BAFF800CB7477 /* ViewController.swift in Sources */ = {isa = PBXBuildFile; fileRef = 1B1688E11A7BAFF800CB7477 /* ViewController.swift */; };
		1B1688E51A7BAFF800CB7477 /* Main.storyboard in Resources */ = {isa = PBXBuildFile; fileRef = 1B1688E31A7BAFF800CB7477 /* Main.storyboard */; };
		1B1688EA1A7BAFF800CB7477 /* LaunchScreen.xib in Resources */ = {isa = PBXBuildFile; fileRef = 1B1688E81A7BAFF800CB7477 /* LaunchScreen.xib */; };
		1B1689041A7BB0F200CB7477 /* Superpowered.mm in Sources */ = {isa = PBXBuildFile; fileRef = 1B1689031A7BB0F200CB7477 /* Superpowered.mm */; };
		1B1689061A7BB17A00CB7477 /* AudioToolbox.framework in Frameworks */ = {isa = PBXBuildFile; fileRef = 1B1689051A7BB17A00CB7477 /* AudioToolbox.framework */; };
		1B1689081A7BB18200CB7477 /* AVFoundation.framework in Frameworks */ = {isa = PBXBuildFile; fileRef = 1B1689071A7BB18200CB7477 /* AVFoundation.framework */; };
		1B16890A1A7BB18D00CB7477 /* MediaPlayer.framework in Frameworks */ = {isa = PBXBuildFile; fileRef = 1B1689091A7BB18D00CB7477 /* MediaPlayer.framework */; };
		1B98E0001B14BD9600617EF9 /* CoreMedia.framework in Frameworks */ = {isa = PBXBuildFile; fileRef = 1B98DFFF1B14BD9600617EF9 /* CoreMedia.framework */; };
		AC97D1B32173BB08008C5D04 /* SpectrumVisualizer.cpp in Sources */ = {isa = PBXBuildFile; fileRef = AC97D1B22173BB08008C5D04 /* SpectrumVisualizer.cpp */; };
		AC97D1B62173BB33008C5D04 /* ReactiveFilter.cpp in Sources */ = {isa = PBXBuildFile; fileRef = AC97D1B52173BB33008C5D04 /* ReactiveFilter.cpp */; };
		ACC0301D21836AAE0099657E /* Images.xcassets in Resources */ = {isa = PBXBuildFile; fileRef = 1B1688E61A7BAFF800CB7477 /* Images.xcassets */; };
		ACC140F22183580E00E71DD3 /* SuperpoweredNBandEQ.cpp in Sources */ = {isa = PBXBuildFile; fileRef = ACC140EC2183580E00E71DD3 /* SuperpoweredNBandEQ.cpp */; };
		ACC140F32183580E00E71DD3 /* SuperpoweredIOSAudioIO.mm in Sources */ = {isa = PBXBuildFile; fileRef = ACC140ED2183580E00E71DD3 /* SuperpoweredIOSAudioIO.mm */; };
		ACC140F7218358D000E71DD3 /* libSuperpoweredAudioIOS.a in Frameworks */ = {isa = PBXBuildFile; fileRef = ACC140F6218358CF00E71DD3 /* libSuperpoweredAudioIOS.a */; };
		ACF4F5A3217CD68F00AC6F9F /* Preset.swift in Sources */ = {isa = PBXBuildFile; fileRef = ACF4F5A2217CD68F00AC6F9F /* Preset.swift */; };
		DE8CEC06223ACAB600532930 /* Quicksand-Regular.ttf in Resources */ = {isa = PBXBuildFile; fileRef = DE8CEC05223ACAB600532930 /* Quicksand-Regular.ttf */; };
		DE99938521E54FCD00415F04 /* GraphView.swift in Sources */ = {isa = PBXBuildFile; fileRef = DE99938421E54FCD00415F04 /* GraphView.swift */; };
		DEECAE5721AEFBB8001CDFD9 /* ReactiveFilterController.cpp in Sources */ = {isa = PBXBuildFile; fileRef = DEECAE5521AEFBB8001CDFD9 /* ReactiveFilterController.cpp */; };
/* End PBXBuildFile section */

/* Begin PBXCopyFilesBuildPhase section */
		ACCD34EA217397C000CF5789 /* Embed Frameworks */ = {
			isa = PBXCopyFilesBuildPhase;
			buildActionMask = 2147483647;
			dstPath = "";
			dstSubfolderSpec = 10;
			files = (
			);
			name = "Embed Frameworks";
			runOnlyForDeploymentPostprocessing = 0;
		};
/* End PBXCopyFilesBuildPhase section */

/* Begin PBXFileReference section */
		1B1688DA1A7BAFF800CB7477 /* squidback.app */ = {isa = PBXFileReference; explicitFileType = wrapper.application; includeInIndex = 0; path = squidback.app; sourceTree = BUILT_PRODUCTS_DIR; };
		1B1688DE1A7BAFF800CB7477 /* Info.plist */ = {isa = PBXFileReference; lastKnownFileType = text.plist.xml; path = Info.plist; sourceTree = "<group>"; };
		1B1688DF1A7BAFF800CB7477 /* AppDelegate.swift */ = {isa = PBXFileReference; lastKnownFileType = sourcecode.swift; path = AppDelegate.swift; sourceTree = "<group>"; };
		1B1688E11A7BAFF800CB7477 /* ViewController.swift */ = {isa = PBXFileReference; lastKnownFileType = sourcecode.swift; path = ViewController.swift; sourceTree = "<group>"; };
		1B1688E41A7BAFF800CB7477 /* Base */ = {isa = PBXFileReference; lastKnownFileType = file.storyboard; name = Base; path = Base.lproj/Main.storyboard; sourceTree = "<group>"; };
		1B1688E61A7BAFF800CB7477 /* Images.xcassets */ = {isa = PBXFileReference; lastKnownFileType = folder.assetcatalog; path = Images.xcassets; sourceTree = "<group>"; };
		1B1688E91A7BAFF800CB7477 /* Base */ = {isa = PBXFileReference; lastKnownFileType = file.xib; name = Base; path = Base.lproj/LaunchScreen.xib; sourceTree = "<group>"; };
		1B1688FF1A7BB02A00CB7477 /* Squidback-Bridging-Header.h */ = {isa = PBXFileReference; lastKnownFileType = sourcecode.c.h; path = "Squidback-Bridging-Header.h"; sourceTree = "<group>"; };
		1B1689031A7BB0F200CB7477 /* Superpowered.mm */ = {isa = PBXFileReference; fileEncoding = 4; lastKnownFileType = sourcecode.cpp.objcpp; path = Superpowered.mm; sourceTree = "<group>"; };
		1B1689051A7BB17A00CB7477 /* AudioToolbox.framework */ = {isa = PBXFileReference; lastKnownFileType = wrapper.framework; name = AudioToolbox.framework; path = System/Library/Frameworks/AudioToolbox.framework; sourceTree = SDKROOT; };
		1B1689071A7BB18200CB7477 /* AVFoundation.framework */ = {isa = PBXFileReference; lastKnownFileType = wrapper.framework; name = AVFoundation.framework; path = System/Library/Frameworks/AVFoundation.framework; sourceTree = SDKROOT; };
		1B1689091A7BB18D00CB7477 /* MediaPlayer.framework */ = {isa = PBXFileReference; lastKnownFileType = wrapper.framework; name = MediaPlayer.framework; path = System/Library/Frameworks/MediaPlayer.framework; sourceTree = SDKROOT; };
		1B98DFFF1B14BD9600617EF9 /* CoreMedia.framework */ = {isa = PBXFileReference; lastKnownFileType = wrapper.framework; name = CoreMedia.framework; path = System/Library/Frameworks/CoreMedia.framework; sourceTree = SDKROOT; };
		AC97D1B22173BB08008C5D04 /* SpectrumVisualizer.cpp */ = {isa = PBXFileReference; fileEncoding = 4; lastKnownFileType = sourcecode.cpp.cpp; path = SpectrumVisualizer.cpp; sourceTree = "<group>"; };
		AC97D1B42173BB1B008C5D04 /* ReactiveFilter.h */ = {isa = PBXFileReference; fileEncoding = 4; lastKnownFileType = sourcecode.c.h; path = ReactiveFilter.h; sourceTree = "<group>"; };
		AC97D1B52173BB33008C5D04 /* ReactiveFilter.cpp */ = {isa = PBXFileReference; fileEncoding = 4; lastKnownFileType = sourcecode.cpp.cpp; path = ReactiveFilter.cpp; sourceTree = "<group>"; };
		AC97D1B72173BB71008C5D04 /* scales.h */ = {isa = PBXFileReference; fileEncoding = 4; lastKnownFileType = sourcecode.c.h; path = scales.h; sourceTree = "<group>"; };
		ACC140E92183580E00E71DD3 /* SuperpoweredIOSAudioIO.h */ = {isa = PBXFileReference; fileEncoding = 4; lastKnownFileType = sourcecode.c.h; name = SuperpoweredIOSAudioIO.h; path = Superpowered/SuperpoweredIOSAudioIO.h; sourceTree = SOURCE_ROOT; };
		ACC140EA2183580E00E71DD3 /* SuperpoweredFX.h */ = {isa = PBXFileReference; fileEncoding = 4; lastKnownFileType = sourcecode.c.h; name = SuperpoweredFX.h; path = Superpowered/SuperpoweredFX.h; sourceTree = SOURCE_ROOT; };
		ACC140EB2183580E00E71DD3 /* SuperpoweredLimiter.h */ = {isa = PBXFileReference; fileEncoding = 4; lastKnownFileType = sourcecode.c.h; name = SuperpoweredLimiter.h; path = Superpowered/SuperpoweredLimiter.h; sourceTree = SOURCE_ROOT; };
		ACC140EC2183580E00E71DD3 /* SuperpoweredNBandEQ.cpp */ = {isa = PBXFileReference; fileEncoding = 4; lastKnownFileType = sourcecode.cpp.cpp; name = SuperpoweredNBandEQ.cpp; path = Superpowered/SuperpoweredNBandEQ.cpp; sourceTree = SOURCE_ROOT; };
		ACC140ED2183580E00E71DD3 /* SuperpoweredIOSAudioIO.mm */ = {isa = PBXFileReference; fileEncoding = 4; lastKnownFileType = sourcecode.cpp.objcpp; name = SuperpoweredIOSAudioIO.mm; path = Superpowered/SuperpoweredIOSAudioIO.mm; sourceTree = SOURCE_ROOT; };
		ACC140EE2183580E00E71DD3 /* SuperpoweredFilter.h */ = {isa = PBXFileReference; fileEncoding = 4; lastKnownFileType = sourcecode.c.h; name = SuperpoweredFilter.h; path = Superpowered/SuperpoweredFilter.h; sourceTree = SOURCE_ROOT; };
		ACC140EF2183580E00E71DD3 /* SuperpoweredBandpassFilterbank.h */ = {isa = PBXFileReference; fileEncoding = 4; lastKnownFileType = sourcecode.c.h; name = SuperpoweredBandpassFilterbank.h; path = Superpowered/SuperpoweredBandpassFilterbank.h; sourceTree = SOURCE_ROOT; };
		ACC140F02183580E00E71DD3 /* SuperpoweredNBandEQ.h */ = {isa = PBXFileReference; fileEncoding = 4; lastKnownFileType = sourcecode.c.h; name = SuperpoweredNBandEQ.h; path = Superpowered/SuperpoweredNBandEQ.h; sourceTree = SOURCE_ROOT; };
		ACC140F12183580E00E71DD3 /* SuperpoweredSimple.h */ = {isa = PBXFileReference; fileEncoding = 4; lastKnownFileType = sourcecode.c.h; name = SuperpoweredSimple.h; path = Superpowered/SuperpoweredSimple.h; sourceTree = SOURCE_ROOT; };
		ACC140F6218358CF00E71DD3 /* libSuperpoweredAudioIOS.a */ = {isa = PBXFileReference; lastKnownFileType = archive.ar; name = libSuperpoweredAudioIOS.a; path = Superpowered/libSuperpoweredAudioIOS.a; sourceTree = "<group>"; };
		ACF4F5A2217CD68F00AC6F9F /* Preset.swift */ = {isa = PBXFileReference; lastKnownFileType = sourcecode.swift; path = Preset.swift; sourceTree = "<group>"; };
		DE8CEC05223ACAB600532930 /* Quicksand-Regular.ttf */ = {isa = PBXFileReference; lastKnownFileType = file; path = "Quicksand-Regular.ttf"; sourceTree = "<group>"; };
		DE8CEC07223BE6CE00532930 /* Info.plist */ = {isa = PBXFileReference; fileEncoding = 4; lastKnownFileType = text.plist.xml; name = Info.plist; path = squidback/Info.plist; sourceTree = "<group>"; };
		DE99938421E54FCD00415F04 /* GraphView.swift */ = {isa = PBXFileReference; lastKnownFileType = sourcecode.swift; path = GraphView.swift; sourceTree = "<group>"; };
		DEECAE5521AEFBB8001CDFD9 /* ReactiveFilterController.cpp */ = {isa = PBXFileReference; lastKnownFileType = sourcecode.cpp.cpp; path = ReactiveFilterController.cpp; sourceTree = "<group>"; };
		DEECAE5621AEFBB8001CDFD9 /* ReactiveFilterController.h */ = {isa = PBXFileReference; lastKnownFileType = sourcecode.c.h; path = ReactiveFilterController.h; sourceTree = "<group>"; };
/* End PBXFileReference section */

/* Begin PBXFrameworksBuildPhase section */
		1B1688D71A7BAFF800CB7477 /* Frameworks */ = {
			isa = PBXFrameworksBuildPhase;
			buildActionMask = 2147483647;
			files = (
				ACC140F7218358D000E71DD3 /* libSuperpoweredAudioIOS.a in Frameworks */,
				1B98E0001B14BD9600617EF9 /* CoreMedia.framework in Frameworks */,
				1B16890A1A7BB18D00CB7477 /* MediaPlayer.framework in Frameworks */,
				1B1689081A7BB18200CB7477 /* AVFoundation.framework in Frameworks */,
				1B1689061A7BB17A00CB7477 /* AudioToolbox.framework in Frameworks */,
			);
			runOnlyForDeploymentPostprocessing = 0;
		};
/* End PBXFrameworksBuildPhase section */

/* Begin PBXGroup section */
		1B1688D11A7BAFF800CB7477 = {
			isa = PBXGroup;
			children = (
				DE8CEC07223BE6CE00532930 /* Info.plist */,
				1B98DFFF1B14BD9600617EF9 /* CoreMedia.framework */,
				1B1689091A7BB18D00CB7477 /* MediaPlayer.framework */,
				1B1689071A7BB18200CB7477 /* AVFoundation.framework */,
				1B1689051A7BB17A00CB7477 /* AudioToolbox.framework */,
				1B1688DC1A7BAFF800CB7477 /* squidback */,
				1B1688DB1A7BAFF800CB7477 /* Products */,
				ACC140F5218358CF00E71DD3 /* Frameworks */,
			);
			sourceTree = "<group>";
		};
		1B1688DB1A7BAFF800CB7477 /* Products */ = {
			isa = PBXGroup;
			children = (
				1B1688DA1A7BAFF800CB7477 /* squidback.app */,
			);
			name = Products;
			sourceTree = "<group>";
		};
		1B1688DC1A7BAFF800CB7477 /* squidback */ = {
			isa = PBXGroup;
			children = (
				AC97D1B72173BB71008C5D04 /* scales.h */,
				AC97D1B42173BB1B008C5D04 /* ReactiveFilter.h */,
				AC97D1B52173BB33008C5D04 /* ReactiveFilter.cpp */,
				DE8CEC05223ACAB600532930 /* Quicksand-Regular.ttf */,
				AC97D1B22173BB08008C5D04 /* SpectrumVisualizer.cpp */,
				1B16890F1A7BC0F000CB7477 /* Superpowered */,
				1B1688FF1A7BB02A00CB7477 /* Squidback-Bridging-Header.h */,
				1B1688E11A7BAFF800CB7477 /* ViewController.swift */,
				ACF4F5A2217CD68F00AC6F9F /* Preset.swift */,
				1B1689031A7BB0F200CB7477 /* Superpowered.mm */,
				DEECAE5521AEFBB8001CDFD9 /* ReactiveFilterController.cpp */,
				DE99938421E54FCD00415F04 /* GraphView.swift */,
				DEECAE5621AEFBB8001CDFD9 /* ReactiveFilterController.h */,
				1B1688DD1A7BAFF800CB7477 /* Supporting Files */,
				1B1688DF1A7BAFF800CB7477 /* AppDelegate.swift */,
				1B1688E31A7BAFF800CB7477 /* Main.storyboard */,
				1B1688E61A7BAFF800CB7477 /* Images.xcassets */,
				1B1688E81A7BAFF800CB7477 /* LaunchScreen.xib */,
			);
			path = squidback;
			sourceTree = "<group>";
		};
		1B1688DD1A7BAFF800CB7477 /* Supporting Files */ = {
			isa = PBXGroup;
			children = (
				1B1688DE1A7BAFF800CB7477 /* Info.plist */,
			);
			name = "Supporting Files";
			sourceTree = "<group>";
		};
		1B16890F1A7BC0F000CB7477 /* Superpowered */ = {
			isa = PBXGroup;
			children = (
				ACC140EF2183580E00E71DD3 /* SuperpoweredBandpassFilterbank.h */,
				ACC140EE2183580E00E71DD3 /* SuperpoweredFilter.h */,
				ACC140EA2183580E00E71DD3 /* SuperpoweredFX.h */,
				ACC140E92183580E00E71DD3 /* SuperpoweredIOSAudioIO.h */,
				ACC140ED2183580E00E71DD3 /* SuperpoweredIOSAudioIO.mm */,
				ACC140EB2183580E00E71DD3 /* SuperpoweredLimiter.h */,
				ACC140EC2183580E00E71DD3 /* SuperpoweredNBandEQ.cpp */,
				ACC140F02183580E00E71DD3 /* SuperpoweredNBandEQ.h */,
				ACC140F12183580E00E71DD3 /* SuperpoweredSimple.h */,
			);
			name = Superpowered;
			sourceTree = "<group>";
		};
		ACC140F5218358CF00E71DD3 /* Frameworks */ = {
			isa = PBXGroup;
			children = (
				ACC140F6218358CF00E71DD3 /* libSuperpoweredAudioIOS.a */,
			);
			name = Frameworks;
			sourceTree = "<group>";
		};
/* End PBXGroup section */

/* Begin PBXNativeTarget section */
		1B1688D91A7BAFF800CB7477 /* squidback */ = {
			isa = PBXNativeTarget;
			buildConfigurationList = 1B1688F91A7BAFF800CB7477 /* Build configuration list for PBXNativeTarget "squidback" */;
			buildPhases = (
				1B1688D61A7BAFF800CB7477 /* Sources */,
				1B1688D71A7BAFF800CB7477 /* Frameworks */,
				1B1688D81A7BAFF800CB7477 /* Resources */,
				ACCD34EA217397C000CF5789 /* Embed Frameworks */,
			);
			buildRules = (
			);
			dependencies = (
			);
			name = squidback;
			productName = SuperpoweredFrequencies;
			productReference = 1B1688DA1A7BAFF800CB7477 /* squidback.app */;
			productType = "com.apple.product-type.application";
		};
/* End PBXNativeTarget section */

/* Begin PBXProject section */
		1B1688D21A7BAFF800CB7477 /* Project object */ = {
			isa = PBXProject;
			attributes = {
				LastSwiftMigration = 0700;
				LastSwiftUpdateCheck = 0700;
				LastUpgradeCheck = 0940;
				ORGANIZATIONNAME = imect;
				TargetAttributes = {
					1B1688D91A7BAFF800CB7477 = {
						CreatedOnToolsVersion = 6.1.1;
						DevelopmentTeam = 334AAQL623;
						LastSwiftMigration = 0900;
						SystemCapabilities = {
							com.apple.BackgroundModes = {
								enabled = 1;
							};
						};
					};
				};
			};
			buildConfigurationList = 1B1688D51A7BAFF800CB7477 /* Build configuration list for PBXProject "squidback" */;
			compatibilityVersion = "Xcode 3.2";
			developmentRegion = English;
			hasScannedForEncodings = 0;
			knownRegions = (
				en,
				Base,
			);
			mainGroup = 1B1688D11A7BAFF800CB7477;
			productRefGroup = 1B1688DB1A7BAFF800CB7477 /* Products */;
			projectDirPath = "";
			projectRoot = "";
			targets = (
				1B1688D91A7BAFF800CB7477 /* squidback */,
			);
		};
/* End PBXProject section */

/* Begin PBXResourcesBuildPhase section */
		1B1688D81A7BAFF800CB7477 /* Resources */ = {
			isa = PBXResourcesBuildPhase;
			buildActionMask = 2147483647;
			files = (
				ACC0301D21836AAE0099657E /* Images.xcassets in Resources */,
				1B1688E51A7BAFF800CB7477 /* Main.storyboard in Resources */,
				1B1688EA1A7BAFF800CB7477 /* LaunchScreen.xib in Resources */,
				DE8CEC06223ACAB600532930 /* Quicksand-Regular.ttf in Resources */,
			);
			runOnlyForDeploymentPostprocessing = 0;
		};
/* End PBXResourcesBuildPhase section */

/* Begin PBXSourcesBuildPhase section */
		1B1688D61A7BAFF800CB7477 /* Sources */ = {
			isa = PBXSourcesBuildPhase;
			buildActionMask = 2147483647;
			files = (
				AC97D1B32173BB08008C5D04 /* SpectrumVisualizer.cpp in Sources */,
				ACF4F5A3217CD68F00AC6F9F /* Preset.swift in Sources */,
				1B1688E21A7BAFF800CB7477 /* ViewController.swift in Sources */,
				ACC140F32183580E00E71DD3 /* SuperpoweredIOSAudioIO.mm in Sources */,
				ACC140F22183580E00E71DD3 /* SuperpoweredNBandEQ.cpp in Sources */,
				DE99938521E54FCD00415F04 /* GraphView.swift in Sources */,
				1B1689041A7BB0F200CB7477 /* Superpowered.mm in Sources */,
				1B1688E01A7BAFF800CB7477 /* AppDelegate.swift in Sources */,
				AC97D1B62173BB33008C5D04 /* ReactiveFilter.cpp in Sources */,
				DEECAE5721AEFBB8001CDFD9 /* ReactiveFilterController.cpp in Sources */,
			);
			runOnlyForDeploymentPostprocessing = 0;
		};
/* End PBXSourcesBuildPhase section */

/* Begin PBXVariantGroup section */
		1B1688E31A7BAFF800CB7477 /* Main.storyboard */ = {
			isa = PBXVariantGroup;
			children = (
				1B1688E41A7BAFF800CB7477 /* Base */,
			);
			name = Main.storyboard;
			sourceTree = "<group>";
		};
		1B1688E81A7BAFF800CB7477 /* LaunchScreen.xib */ = {
			isa = PBXVariantGroup;
			children = (
				1B1688E91A7BAFF800CB7477 /* Base */,
			);
			name = LaunchScreen.xib;
			sourceTree = "<group>";
		};
/* End PBXVariantGroup section */

/* Begin XCBuildConfiguration section */
		1B1688F71A7BAFF800CB7477 /* Debug */ = {
			isa = XCBuildConfiguration;
			buildSettings = {
				ALWAYS_SEARCH_USER_PATHS = NO;
				CLANG_CXX_LANGUAGE_STANDARD = "gnu++0x";
				CLANG_CXX_LIBRARY = "libc++";
				CLANG_ENABLE_MODULES = YES;
				CLANG_ENABLE_OBJC_ARC = YES;
				CLANG_WARN_BLOCK_CAPTURE_AUTORELEASING = YES;
				CLANG_WARN_BOOL_CONVERSION = YES;
				CLANG_WARN_COMMA = YES;
				CLANG_WARN_CONSTANT_CONVERSION = YES;
				CLANG_WARN_DEPRECATED_OBJC_IMPLEMENTATIONS = YES;
				CLANG_WARN_DIRECT_OBJC_ISA_USAGE = YES_ERROR;
				CLANG_WARN_EMPTY_BODY = YES;
				CLANG_WARN_ENUM_CONVERSION = YES;
				CLANG_WARN_INFINITE_RECURSION = YES;
				CLANG_WARN_INT_CONVERSION = YES;
				CLANG_WARN_NON_LITERAL_NULL_CONVERSION = YES;
				CLANG_WARN_OBJC_IMPLICIT_RETAIN_SELF = YES;
				CLANG_WARN_OBJC_LITERAL_CONVERSION = YES;
				CLANG_WARN_OBJC_ROOT_CLASS = YES_ERROR;
				CLANG_WARN_RANGE_LOOP_ANALYSIS = YES;
				CLANG_WARN_STRICT_PROTOTYPES = YES;
				CLANG_WARN_SUSPICIOUS_MOVE = YES;
				CLANG_WARN_UNREACHABLE_CODE = YES;
				CLANG_WARN__DUPLICATE_METHOD_MATCH = YES;
				"CODE_SIGN_IDENTITY[sdk=iphoneos*]" = "iPhone Developer";
				COPY_PHASE_STRIP = NO;
				ENABLE_STRICT_OBJC_MSGSEND = YES;
				ENABLE_TESTABILITY = YES;
				GCC_C_LANGUAGE_STANDARD = gnu99;
				GCC_DYNAMIC_NO_PIC = NO;
				GCC_NO_COMMON_BLOCKS = YES;
				GCC_OPTIMIZATION_LEVEL = 0;
				GCC_PREPROCESSOR_DEFINITIONS = (
					"DEBUG=1",
					"$(inherited)",
				);
				GCC_SYMBOLS_PRIVATE_EXTERN = NO;
				GCC_WARN_64_TO_32_BIT_CONVERSION = YES;
				GCC_WARN_ABOUT_RETURN_TYPE = YES_ERROR;
				GCC_WARN_UNDECLARED_SELECTOR = YES;
				GCC_WARN_UNINITIALIZED_AUTOS = YES_AGGRESSIVE;
				GCC_WARN_UNUSED_FUNCTION = YES;
				GCC_WARN_UNUSED_VARIABLE = YES;
				IPHONEOS_DEPLOYMENT_TARGET = 8.1;
				MTL_ENABLE_DEBUG_INFO = YES;
				ONLY_ACTIVE_ARCH = YES;
				SDKROOT = iphoneos;
				SWIFT_OPTIMIZATION_LEVEL = "-Onone";
			};
			name = Debug;
		};
		1B1688F81A7BAFF800CB7477 /* Release */ = {
			isa = XCBuildConfiguration;
			buildSettings = {
				ALWAYS_SEARCH_USER_PATHS = NO;
				CLANG_CXX_LANGUAGE_STANDARD = "gnu++0x";
				CLANG_CXX_LIBRARY = "libc++";
				CLANG_ENABLE_MODULES = YES;
				CLANG_ENABLE_OBJC_ARC = YES;
				CLANG_WARN_BLOCK_CAPTURE_AUTORELEASING = YES;
				CLANG_WARN_BOOL_CONVERSION = YES;
				CLANG_WARN_COMMA = YES;
				CLANG_WARN_CONSTANT_CONVERSION = YES;
				CLANG_WARN_DEPRECATED_OBJC_IMPLEMENTATIONS = YES;
				CLANG_WARN_DIRECT_OBJC_ISA_USAGE = YES_ERROR;
				CLANG_WARN_EMPTY_BODY = YES;
				CLANG_WARN_ENUM_CONVERSION = YES;
				CLANG_WARN_INFINITE_RECURSION = YES;
				CLANG_WARN_INT_CONVERSION = YES;
				CLANG_WARN_NON_LITERAL_NULL_CONVERSION = YES;
				CLANG_WARN_OBJC_IMPLICIT_RETAIN_SELF = YES;
				CLANG_WARN_OBJC_LITERAL_CONVERSION = YES;
				CLANG_WARN_OBJC_ROOT_CLASS = YES_ERROR;
				CLANG_WARN_RANGE_LOOP_ANALYSIS = YES;
				CLANG_WARN_STRICT_PROTOTYPES = YES;
				CLANG_WARN_SUSPICIOUS_MOVE = YES;
				CLANG_WARN_UNREACHABLE_CODE = YES;
				CLANG_WARN__DUPLICATE_METHOD_MATCH = YES;
				"CODE_SIGN_IDENTITY[sdk=iphoneos*]" = "iPhone Developer";
				COPY_PHASE_STRIP = YES;
				ENABLE_NS_ASSERTIONS = NO;
				ENABLE_STRICT_OBJC_MSGSEND = YES;
				GCC_C_LANGUAGE_STANDARD = gnu99;
				GCC_NO_COMMON_BLOCKS = YES;
				GCC_WARN_64_TO_32_BIT_CONVERSION = YES;
				GCC_WARN_ABOUT_RETURN_TYPE = YES_ERROR;
				GCC_WARN_UNDECLARED_SELECTOR = YES;
				GCC_WARN_UNINITIALIZED_AUTOS = YES_AGGRESSIVE;
				GCC_WARN_UNUSED_FUNCTION = YES;
				GCC_WARN_UNUSED_VARIABLE = YES;
				IPHONEOS_DEPLOYMENT_TARGET = 8.1;
				MTL_ENABLE_DEBUG_INFO = NO;
				SDKROOT = iphoneos;
				SWIFT_OPTIMIZATION_LEVEL = "-Owholemodule";
				VALIDATE_PRODUCT = YES;
			};
			name = Release;
		};
		1B1688FA1A7BAFF800CB7477 /* Debug */ = {
			isa = XCBuildConfiguration;
			buildSettings = {
				ALWAYS_EMBED_SWIFT_STANDARD_LIBRARIES = YES;
				ASSETCATALOG_COMPILER_APPICON_NAME = AppIcon;
				CLANG_ENABLE_MODULES = YES;
				CREATE_INFOPLIST_SECTION_IN_BINARY = NO;
				DEVELOPMENT_TEAM = 334AAQL623;
				INFOPLIST_EXPAND_BUILD_SETTINGS = YES;
				INFOPLIST_FILE = squidback/Info.plist;
				INFOPLIST_PREPROCESS = NO;
				IPHONEOS_DEPLOYMENT_TARGET = 9.0;
				LD_RUNPATH_SEARCH_PATHS = "$(inherited) @executable_path/Frameworks";
				LIBRARY_SEARCH_PATHS = (
					"$(SRCROOT)/Superpowered",
					"$(PROJECT_DIR)/Superpowered",
				);
				PRODUCT_BUNDLE_IDENTIFIER = eu.gianlucaelia.squidback;
				PRODUCT_NAME = "$(TARGET_NAME)";
				SWIFT_OBJC_BRIDGING_HEADER = "squidback/Squidback-Bridging-Header.h";
				SWIFT_OPTIMIZATION_LEVEL = "-Onone";
				SWIFT_SWIFT3_OBJC_INFERENCE = Default;
				SWIFT_VERSION = 4.0;
			};
			name = Debug;
		};
		1B1688FB1A7BAFF800CB7477 /* Release */ = {
			isa = XCBuildConfiguration;
			buildSettings = {
				ALWAYS_EMBED_SWIFT_STANDARD_LIBRARIES = YES;
				ASSETCATALOG_COMPILER_APPICON_NAME = AppIcon;
				CLANG_ENABLE_MODULES = YES;
				CREATE_INFOPLIST_SECTION_IN_BINARY = NO;
				DEVELOPMENT_TEAM = 334AAQL623;
				INFOPLIST_EXPAND_BUILD_SETTINGS = YES;
				INFOPLIST_FILE = squidback/Info.plist;
				INFOPLIST_PREPROCESS = NO;
				IPHONEOS_DEPLOYMENT_TARGET = 9.0;
				LD_RUNPATH_SEARCH_PATHS = "$(inherited) @executable_path/Frameworks";
				LIBRARY_SEARCH_PATHS = (
					"$(SRCROOT)/Superpowered",
					"$(PROJECT_DIR)/Superpowered",
				);
				PRODUCT_BUNDLE_IDENTIFIER = eu.gianlucaelia.squidback;
				PRODUCT_NAME = "$(TARGET_NAME)";
				SWIFT_OBJC_BRIDGING_HEADER = "squidback/Squidback-Bridging-Header.h";
				SWIFT_SWIFT3_OBJC_INFERENCE = Default;
				SWIFT_VERSION = 4.0;
			};
			name = Release;
		};
/* End XCBuildConfiguration section */

/* Begin XCConfigurationList section */
		1B1688D51A7BAFF800CB7477 /* Build configuration list for PBXProject "squidback" */ = {
			isa = XCConfigurationList;
			buildConfigurations = (
				1B1688F71A7BAFF800CB7477 /* Debug */,
				1B1688F81A7BAFF800CB7477 /* Release */,
			);
			defaultConfigurationIsVisible = 0;
			defaultConfigurationName = Release;
		};
		1B1688F91A7BAFF800CB7477 /* Build configuration list for PBXNativeTarget "squidback" */ = {
			isa = XCConfigurationList;
			buildConfigurations = (
				1B1688FA1A7BAFF800CB7477 /* Debug */,
				1B1688FB1A7BAFF800CB7477 /* Release */,
			);
			defaultConfigurationIsVisible = 0;
			defaultConfigurationName = Release;
		};
/* End XCConfigurationList section */
	};
	rootObject = 1B1688D21A7BAFF800CB7477 /* Project object */;
}
